// !$*UTF8*$!
{
	archiveVersion = 1;
	classes = {
	};
	objectVersion = 46;
	objects = {

/* Begin PBXBuildFile section */
		370DD8D71EC5048900C438FD /* AppDelegate.swift in Sources */ = {isa = PBXBuildFile; fileRef = 370DD8D61EC5048900C438FD /* AppDelegate.swift */; };
		370DD8D91EC5048900C438FD /* ViewController.swift in Sources */ = {isa = PBXBuildFile; fileRef = 370DD8D81EC5048900C438FD /* ViewController.swift */; };
		370DD8DC1EC5048900C438FD /* Main.storyboard in Resources */ = {isa = PBXBuildFile; fileRef = 370DD8DA1EC5048900C438FD /* Main.storyboard */; };
		370DD8DE1EC5048900C438FD /* Assets.xcassets in Resources */ = {isa = PBXBuildFile; fileRef = 370DD8DD1EC5048900C438FD /* Assets.xcassets */; };
		370DD8E11EC5048900C438FD /* LaunchScreen.storyboard in Resources */ = {isa = PBXBuildFile; fileRef = 370DD8DF1EC5048900C438FD /* LaunchScreen.storyboard */; };
/* End PBXBuildFile section */

/* Begin PBXFileReference section */
		370DD8D31EC5048900C438FD /* Silly Song.app */ = {isa = PBXFileReference; explicitFileType = wrapper.application; includeInIndex = 0; path = "Silly Song.app"; sourceTree = BUILT_PRODUCTS_DIR; };
		370DD8D61EC5048900C438FD /* AppDelegate.swift */ = {isa = PBXFileReference; lastKnownFileType = sourcecode.swift; path = AppDelegate.swift; sourceTree = "<group>"; };
		370DD8D81EC5048900C438FD /* ViewController.swift */ = {isa = PBXFileReference; lastKnownFileType = sourcecode.swift; path = ViewController.swift; sourceTree = "<group>"; };
		370DD8DB1EC5048900C438FD /* Base */ = {isa = PBXFileReference; lastKnownFileType = file.storyboard; name = Base; path = Base.lproj/Main.storyboard; sourceTree = "<group>"; };
		370DD8DD1EC5048900C438FD /* Assets.xcassets */ = {isa = PBXFileReference; lastKnownFileType = folder.assetcatalog; path = Assets.xcassets; sourceTree = "<group>"; };
		370DD8E01EC5048900C438FD /* Base */ = {isa = PBXFileReference; lastKnownFileType = file.storyboard; name = Base; path = Base.lproj/LaunchScreen.storyboard; sourceTree = "<group>"; };
		370DD8E21EC5048900C438FD /* Info.plist */ = {isa = PBXFileReference; lastKnownFileType = text.plist.xml; path = Info.plist; sourceTree = "<group>"; };
/* End PBXFileReference section */

/* Begin PBXFrameworksBuildPhase section */
		370DD8D01EC5048900C438FD /* Frameworks */ = {
			isa = PBXFrameworksBuildPhase;
			buildActionMask = 2147483647;
			files = (
			);
			runOnlyForDeploymentPostprocessing = 0;
		};
/* End PBXFrameworksBuildPhase section */

/* Begin PBXGroup section */
		370DD8CA1EC5048900C438FD = {
			isa = PBXGroup;
			children = (
				370DD8D51EC5048900C438FD /* Silly Song */,
				370DD8D41EC5048900C438FD /* Products */,
			);
			sourceTree = "<group>";
		};
		370DD8D41EC5048900C438FD /* Products */ = {
			isa = PBXGroup;
			children = (
				370DD8D31EC5048900C438FD /* Silly Song.app */,
			);
			name = Products;
			sourceTree = "<group>";
		};
		370DD8D51EC5048900C438FD /* Silly Song */ = {
			isa = PBXGroup;
			children = (
				370DD8D61EC5048900C438FD /* AppDelegate.swift */,
				370DD8D81EC5048900C438FD /* ViewController.swift */,
				370DD8DA1EC5048900C438FD /* Main.storyboard */,
				370DD8DD1EC5048900C438FD /* Assets.xcassets */,
				370DD8DF1EC5048900C438FD /* LaunchScreen.storyboard */,
				370DD8E21EC5048900C438FD /* Info.plist */,
			);
			path = "Silly Song";
			sourceTree = "<group>";
		};
/* End PBXGroup section */

/* Begin PBXNativeTarget section */
		370DD8D21EC5048900C438FD /* Silly Song */ = {
			isa = PBXNativeTarget;
			buildConfigurationList = 370DD8E51EC5048900C438FD /* Build configuration list for PBXNativeTarget "Silly Song" */;
			buildPhases = (
				370DD8CF1EC5048900C438FD /* Sources */,
				370DD8D01EC5048900C438FD /* Frameworks */,
				370DD8D11EC5048900C438FD /* Resources */,
			);
			buildRules = (
			);
			dependencies = (
			);
			name = "Silly Song";
			productName = "Silly Song";
			productReference = 370DD8D31EC5048900C438FD /* Silly Song.app */;
			productType = "com.apple.product-type.application";
		};
/* End PBXNativeTarget section */

/* Begin PBXProject section */
		370DD8CB1EC5048900C438FD /* Project object */ = {
			isa = PBXProject;
			attributes = {
				LastSwiftUpdateCheck = 0820;
				LastUpgradeCheck = 0820;
				ORGANIZATIONNAME = "Tomas Sidenfaden";
				TargetAttributes = {
					370DD8D21EC5048900C438FD = {
						CreatedOnToolsVersion = 8.2.1;
						DevelopmentTeam = 7Q9W2X5558;
						ProvisioningStyle = Automatic;
					};
				};
			};
			buildConfigurationList = 370DD8CE1EC5048900C438FD /* Build configuration list for PBXProject "Silly Song" */;
			compatibilityVersion = "Xcode 3.2";
			developmentRegion = English;
			hasScannedForEncodings = 0;
			knownRegions = (
				en,
				Base,
			);
			mainGroup = 370DD8CA1EC5048900C438FD;
			productRefGroup = 370DD8D41EC5048900C438FD /* Products */;
			projectDirPath = "";
			projectRoot = "";
			targets = (
				370DD8D21EC5048900C438FD /* Silly Song */,
			);
		};
/* End PBXProject section */

/* Begin PBXResourcesBuildPhase section */
		370DD8D11EC5048900C438FD /* Resources */ = {
			isa = PBXResourcesBuildPhase;
			buildActionMask = 2147483647;
			files = (
				370DD8E11EC5048900C438FD /* LaunchScreen.storyboard in Resources */,
				370DD8DE1EC5048900C438FD /* Assets.xcassets in Resources */,
				370DD8DC1EC5048900C438FD /* Main.storyboard in Resources */,
			);
			runOnlyForDeploymentPostprocessing = 0;
		};
/* End PBXResourcesBuildPhase section */

/* Begin PBXSourcesBuildPhase section */
		370DD8CF1EC5048900C438FD /* Sources */ = {
			isa = PBXSourcesBuildPhase;
			buildActionMask = 2147483647;
			files = (
				370DD8D91EC5048900C438FD /* ViewController.swift in Sources */,
				370DD8D71EC5048900C438FD /* AppDelegate.swift in Sources */,
			);
			runOnlyForDeploymentPostprocessing = 0;
		};
/* End PBXSourcesBuildPhase section */

/* Begin PBXVariantGroup section */
		370DD8DA1EC5048900C438FD /* Main.storyboard */ = {
			isa = PBXVariantGroup;
			children = (
				370DD8DB1EC5048900C438FD /* Base */,
			);
			name = Main.storyboard;
			sourceTree = "<group>";
		};
		370DD8DF1EC5048900C438FD /* LaunchScreen.storyboard */ = {
			isa = PBXVariantGroup;
			children = (
				370DD8E01EC5048900C438FD /* Base */,
			);
			name = LaunchScreen.storyboard;
			sourceTree = "<group>";
		};
/* End PBXVariantGroup section */

/* Begin XCBuildConfiguration section */
		370DD8E31EC5048900C438FD /* Debug */ = {
			isa = XCBuildConfiguration;
			buildSettings = {
				ALWAYS_SEARCH_USER_PATHS = NO;
				CLANG_ANALYZER_NONNULL = YES;
				CLANG_CXX_LANGUAGE_STANDARD = "gnu++0x";
				CLANG_CXX_LIBRARY = "libc++";
				CLANG_ENABLE_MODULES = YES;
				CLANG_ENABLE_OBJC_ARC = YES;
				CLANG_WARN_BOOL_CONVERSION = YES;
				CLANG_WARN_CONSTANT_CONVERSION = YES;
				CLANG_WARN_DIRECT_OBJC_ISA_USAGE = YES_ERROR;
				CLANG_WARN_DOCUMENTATION_COMMENTS = YES;
				CLANG_WARN_EMPTY_BODY = YES;
				CLANG_WARN_ENUM_CONVERSION = YES;
				CLANG_WARN_INFINITE_RECURSION = YES;
				CLANG_WARN_INT_CONVERSION = YES;
				CLANG_WARN_OBJC_ROOT_CLASS = YES_ERROR;
				CLANG_WARN_SUSPICIOUS_MOVE = YES;
				CLANG_WARN_UNREACHABLE_CODE = YES;
				CLANG_WARN__DUPLICATE_METHOD_MATCH = YES;
				"CODE_SIGN_IDENTITY[sdk=iphoneos*]" = "iPhone Developer";
				COPY_PHASE_STRIP = NO;
				DEBUG_INFORMATION_FORMAT = dwarf;
				ENABLE_STRICT_OBJC_MSGSEND = YES;
				ENABLE_TESTABILITY = YES;
				GCC_C_LANGUAGE_STANDARD = gnu99;
				GCC_DYNAMIC_NO_PIC = NO;
				GCC_NO_COMMON_BLOCKS = YES;
				GCC_OPTIMIZATION_LEVEL = 0;
				GCC_PREPROCESSOR_DEFINITIONS = (
					"DEBUG=1",
					"$(inherited)",
				);
				GCC_WARN_64_TO_32_BIT_CONVERSION = YES;
				GCC_WARN_ABOUT_RETURN_TYPE = YES_ERROR;
				GCC_WARN_UNDECLARED_SELECTOR = YES;
				GCC_WARN_UNINITIALIZED_AUTOS = YES_AGGRESSIVE;
				GCC_WARN_UNUSED_FUNCTION = YES;
				GCC_WARN_UNUSED_VARIABLE = YES;
				IPHONEOS_DEPLOYMENT_TARGET = 10.2;
				MTL_ENABLE_DEBUG_INFO = YES;
				ONLY_ACTIVE_ARCH = YES;
				SDKROOT = iphoneos;
				SWIFT_ACTIVE_COMPILATION_CONDITIONS = DEBUG;
				SWIFT_OPTIMIZATION_LEVEL = "-Onone";
			};
			name = Debug;
		};
		370DD8E41EC5048900C438FD /* Release */ = {
			isa = XCBuildConfiguration;
			buildSettings = {
				ALWAYS_SEARCH_USER_PATHS = NO;
				CLANG_ANALYZER_NONNULL = YES;
				CLANG_CXX_LANGUAGE_STANDARD = "gnu++0x";
				CLANG_CXX_LIBRARY = "libc++";
				CLANG_ENABLE_MODULES = YES;
				CLANG_ENABLE_OBJC_ARC = YES;
				CLANG_WARN_BOOL_CONVERSION = YES;
				CLANG_WARN_CONSTANT_CONVERSION = YES;
				CLANG_WARN_DIRECT_OBJC_ISA_USAGE = YES_ERROR;
				CLANG_WARN_DOCUMENTATION_COMMENTS = YES;
				CLANG_WARN_EMPTY_BODY = YES;
				CLANG_WARN_ENUM_CONVERSION = YES;
				CLANG_WARN_INFINITE_RECURSION = YES;
				CLANG_WARN_INT_CONVERSION = YES;
				CLANG_WARN_OBJC_ROOT_CLASS = YES_ERROR;
				CLANG_WARN_SUSPICIOUS_MOVE = YES;
				CLANG_WARN_UNREACHABLE_CODE = YES;
				CLANG_WARN__DUPLICATE_METHOD_MATCH = YES;
				"CODE_SIGN_IDENTITY[sdk=iphoneos*]" = "iPhone Developer";
				COPY_PHASE_STRIP = NO;
				DEBUG_INFORMATION_FORMAT = "dwarf-with-dsym";
				ENABLE_NS_ASSERTIONS = NO;
				ENABLE_STRICT_OBJC_MSGSEND = YES;
				GCC_C_LANGUAGE_STANDARD = gnu99;
				GCC_NO_COMMON_BLOCKS = YES;
				GCC_WARN_64_TO_32_BIT_CONVERSION = YES;
				GCC_WARN_ABOUT_RETURN_TYPE = YES_ERROR;
				GCC_WARN_UNDECLARED_SELECTOR = YES;
				GCC_WARN_UNINITIALIZED_AUTOS = YES_AGGRESSIVE;
				GCC_WARN_UNUSED_FUNCTION = YES;
				GCC_WARN_UNUSED_VARIABLE = YES;
				IPHONEOS_DEPLOYMENT_TARGET = 10.2;
				MTL_ENABLE_DEBUG_INFO = NO;
				SDKROOT = iphoneos;
				SWIFT_OPTIMIZATION_LEVEL = "-Owholemodule";
				VALIDATE_PRODUCT = YES;
			};
			name = Release;
		};
		370DD8E61EC5048900C438FD /* Debug */ = {
			isa = XCBuildConfiguration;
			buildSettings = {
				ASSETCATALOG_COMPILER_APPICON_NAME = AppIcon;
				DEVELOPMENT_TEAM = 7Q9W2X5558;
				INFOPLIST_FILE = "Silly Song/Info.plist";
				LD_RUNPATH_SEARCH_PATHS = "$(inherited) @executable_path/Frameworks";
				PRODUCT_BUNDLE_IDENTIFIER = "Com.hogotron.Silly-Song";
				PRODUCT_NAME = "$(TARGET_NAME)";
				SWIFT_VERSION = 3.0;
			};
			name = Debug;
		};
		370DD8E71EC5048900C438FD /* Release */ = {
			isa = XCBuildConfiguration;
			buildSettings = {
				ASSETCATALOG_COMPILER_APPICON_NAME = AppIcon;
				DEVELOPMENT_TEAM = 7Q9W2X5558;
				INFOPLIST_FILE = "Silly Song/Info.plist";
				LD_RUNPATH_SEARCH_PATHS = "$(inherited) @executable_path/Frameworks";
				PRODUCT_BUNDLE_IDENTIFIER = "Com.hogotron.Silly-Song";
				PRODUCT_NAME = "$(TARGET_NAME)";
				SWIFT_VERSION = 3.0;
			};
			name = Release;
		};
/* End XCBuildConfiguration section */

/* Begin XCConfigurationList section */
		370DD8CE1EC5048900C438FD /* Build configuration list for PBXProject "Silly Song" */ = {
			isa = XCConfigurationList;
			buildConfigurations = (
				370DD8E31EC5048900C438FD /* Debug */,
				370DD8E41EC5048900C438FD /* Release */,
			);
			defaultConfigurationIsVisible = 0;
			defaultConfigurationName = Release;
		};
		370DD8E51EC5048900C438FD /* Build configuration list for PBXNativeTarget "Silly Song" */ = {
			isa = XCConfigurationList;
			buildConfigurations = (
				370DD8E61EC5048900C438FD /* Debug */,
				370DD8E71EC5048900C438FD /* Release */,
			);
			defaultConfigurationIsVisible = 0;
		};
/* End XCConfigurationList section */
	};
	rootObject = 370DD8CB1EC5048900C438FD /* Project object */;
}
